
Microsoft Visual Studio Solution File, Format Version 12.00
# Visual Studio Version 16
VisualStudioVersion = 16.0.29926.136
MinimumVisualStudioVersion = 10.0.40219.1
Project("{FAE04EC0-301F-11D3-BF4B-00C04F79EFBC}") = "MethodOverloading", "MethodOverloading\MethodOverloading.csproj", "{F084CDB4-C58D-4B2B-866E-FC24ECF6E9D5}"
EndProject
Global
	GlobalSection(SolutionConfigurationPlatforms) = preSolution
		Debug|Any CPU = Debug|Any CPU
		Release|Any CPU = Release|Any CPU
	EndGlobalSection
	GlobalSection(ProjectConfigurationPlatforms) = postSolution
		{F084CDB4-C58D-4B2B-866E-FC24ECF6E9D5}.Debug|Any CPU.ActiveCfg = Debug|Any CPU
		{F084CDB4-C58D-4B2B-866E-FC24ECF6E9D5}.Debug|Any CPU.Build.0 = Debug|Any CPU
		{F084CDB4-C58D-4B2B-866E-FC24ECF6E9D5}.Release|Any CPU.ActiveCfg = Release|Any CPU
		{F084CDB4-C58D-4B2B-866E-FC24ECF6E9D5}.Release|Any CPU.Build.0 = Release|Any CPU
	EndGlobalSection
	GlobalSection(SolutionProperties) = preSolution
		HideSolutionNode = FALSE
	EndGlobalSection
	GlobalSection(ExtensibilityGlobals) = postSolution
		SolutionGuid = {B13D1959-7C6D-4183-99AD-A87E246E89EB}
	EndGlobalSection
EndGlobal
