
Microsoft Visual Studio Solution File, Format Version 12.00
# Visual Studio Version 16
VisualStudioVersion = 16.0.29926.136
MinimumVisualStudioVersion = 10.0.40219.1
Project("{FAE04EC0-301F-11D3-BF4B-00C04F79EFBC}") = "MethodOverloading", "MethodOverloading\MethodOverloading.csproj", "{F084CDB4-C58D-4B2B-866E-FC24ECF6E9D5}"
EndProject
Project("{FAE04EC0-301F-11D3-BF4B-00C04F79EFBC}") = "Inheritance", "Inheritance\Inheritance.csproj", "{D39B9265-73EB-42A6-A7A3-2C518DB4F755}"
EndProject
Project("{9A19103F-16F7-4668-BE54-9A1E7A4F7556}") = "BeverageInheritance", "BeverageInheritance\BeverageInheritance.csproj", "{9E99EFF9-2C7F-416F-A3F6-8E016F8CD4F3}"
EndProject
Project("{9A19103F-16F7-4668-BE54-9A1E7A4F7556}") = "FactoryMethod", "FactoryMethod\FactoryMethod.csproj", "{55ED9044-575C-4641-BC72-15F107223442}"
EndProject
Project("{9A19103F-16F7-4668-BE54-9A1E7A4F7556}") = "FactoryMethodTest", "FactoryMethodTest\FactoryMethodTest.csproj", "{7CC36BFE-DAEC-42E3-999C-8EB7C1EC1012}"
EndProject
Global
	GlobalSection(SolutionConfigurationPlatforms) = preSolution
		Debug|Any CPU = Debug|Any CPU
		Release|Any CPU = Release|Any CPU
	EndGlobalSection
	GlobalSection(ProjectConfigurationPlatforms) = postSolution
		{F084CDB4-C58D-4B2B-866E-FC24ECF6E9D5}.Debug|Any CPU.ActiveCfg = Debug|Any CPU
		{F084CDB4-C58D-4B2B-866E-FC24ECF6E9D5}.Debug|Any CPU.Build.0 = Debug|Any CPU
		{F084CDB4-C58D-4B2B-866E-FC24ECF6E9D5}.Release|Any CPU.ActiveCfg = Release|Any CPU
		{F084CDB4-C58D-4B2B-866E-FC24ECF6E9D5}.Release|Any CPU.Build.0 = Release|Any CPU
		{D39B9265-73EB-42A6-A7A3-2C518DB4F755}.Debug|Any CPU.ActiveCfg = Debug|Any CPU
		{D39B9265-73EB-42A6-A7A3-2C518DB4F755}.Debug|Any CPU.Build.0 = Debug|Any CPU
		{D39B9265-73EB-42A6-A7A3-2C518DB4F755}.Release|Any CPU.ActiveCfg = Release|Any CPU
		{D39B9265-73EB-42A6-A7A3-2C518DB4F755}.Release|Any CPU.Build.0 = Release|Any CPU
		{9E99EFF9-2C7F-416F-A3F6-8E016F8CD4F3}.Debug|Any CPU.ActiveCfg = Debug|Any CPU
		{9E99EFF9-2C7F-416F-A3F6-8E016F8CD4F3}.Debug|Any CPU.Build.0 = Debug|Any CPU
		{9E99EFF9-2C7F-416F-A3F6-8E016F8CD4F3}.Release|Any CPU.ActiveCfg = Release|Any CPU
		{9E99EFF9-2C7F-416F-A3F6-8E016F8CD4F3}.Release|Any CPU.Build.0 = Release|Any CPU
		{55ED9044-575C-4641-BC72-15F107223442}.Debug|Any CPU.ActiveCfg = Debug|Any CPU
		{55ED9044-575C-4641-BC72-15F107223442}.Debug|Any CPU.Build.0 = Debug|Any CPU
		{55ED9044-575C-4641-BC72-15F107223442}.Release|Any CPU.ActiveCfg = Release|Any CPU
		{55ED9044-575C-4641-BC72-15F107223442}.Release|Any CPU.Build.0 = Release|Any CPU
		{7CC36BFE-DAEC-42E3-999C-8EB7C1EC1012}.Debug|Any CPU.ActiveCfg = Debug|Any CPU
		{7CC36BFE-DAEC-42E3-999C-8EB7C1EC1012}.Debug|Any CPU.Build.0 = Debug|Any CPU
		{7CC36BFE-DAEC-42E3-999C-8EB7C1EC1012}.Release|Any CPU.ActiveCfg = Release|Any CPU
		{7CC36BFE-DAEC-42E3-999C-8EB7C1EC1012}.Release|Any CPU.Build.0 = Release|Any CPU
	EndGlobalSection
	GlobalSection(SolutionProperties) = preSolution
		HideSolutionNode = FALSE
	EndGlobalSection
	GlobalSection(ExtensibilityGlobals) = postSolution
		SolutionGuid = {B13D1959-7C6D-4183-99AD-A87E246E89EB}
	EndGlobalSection
EndGlobal
